// !$*UTF8*$!
{
	archiveVersion = 1;
	classes = {
	};
	objectVersion = 77;
	objects = {

/* Begin PBXBuildFile section */
		612F1E5A2D1E53C800ACC31E /* Transactions.json in Resources */ = {isa = PBXBuildFile; fileRef = 612F1E592D1E53C800ACC31E /* Transactions.json */; };
		612F1E5C2D1E563700ACC31E /* TranscationsView.swift in Sources */ = {isa = PBXBuildFile; fileRef = 612F1E5B2D1E563700ACC31E /* TranscationsView.swift */; };
		612F1E5E2D1E78E700ACC31E /* RecentTranscationsView.swift in Sources */ = {isa = PBXBuildFile; fileRef = 612F1E5D2D1E78E700ACC31E /* RecentTranscationsView.swift */; };
		612F1E602D1E799500ACC31E /* TransactionAnalyticsView.swift in Sources */ = {isa = PBXBuildFile; fileRef = 612F1E5F2D1E799500ACC31E /* TransactionAnalyticsView.swift */; };
		612F1E622D1E7DCA00ACC31E /* RecentTransactionsRowView.swift in Sources */ = {isa = PBXBuildFile; fileRef = 612F1E612D1E7DCA00ACC31E /* RecentTransactionsRowView.swift */; };
		612F1E682D1EE0DB00ACC31E /* ToastMessageView.swift in Sources */ = {isa = PBXBuildFile; fileRef = 612F1E672D1EE0DB00ACC31E /* ToastMessageView.swift */; };
		61C316CA2D1E4E9900BE65AB /* MainView.swift in Sources */ = {isa = PBXBuildFile; fileRef = 61C316C62D1E4E9900BE65AB /* MainView.swift */; };
		61C316CB2D1E4E9900BE65AB /* PaymentApp.swift in Sources */ = {isa = PBXBuildFile; fileRef = 61C316C82D1E4E9900BE65AB /* PaymentApp.swift */; };
		61C316CC2D1E4E9900BE65AB /* Preview Assets.xcassets in Resources */ = {isa = PBXBuildFile; fileRef = 61C316C32D1E4E9900BE65AB /* Preview Assets.xcassets */; };
		61C316CD2D1E4E9900BE65AB /* Assets.xcassets in Resources */ = {isa = PBXBuildFile; fileRef = 61C316C52D1E4E9900BE65AB /* Assets.xcassets */; };
		61C316D22D1E4F6700BE65AB /* Model.swift in Sources */ = {isa = PBXBuildFile; fileRef = 61C316D12D1E4F6700BE65AB /* Model.swift */; };
		61C316D42D1E4FA800BE65AB /* ViewModel.swift in Sources */ = {isa = PBXBuildFile; fileRef = 61C316D32D1E4FA800BE65AB /* ViewModel.swift */; };
/* End PBXBuildFile section */

/* Begin PBXFileReference section */
		612F1E592D1E53C800ACC31E /* Transactions.json */ = {isa = PBXFileReference; lastKnownFileType = text.json; path = Transactions.json; sourceTree = "<group>"; };
		612F1E5B2D1E563700ACC31E /* TranscationsView.swift */ = {isa = PBXFileReference; lastKnownFileType = sourcecode.swift; path = TranscationsView.swift; sourceTree = "<group>"; };
		612F1E5D2D1E78E700ACC31E /* RecentTranscationsView.swift */ = {isa = PBXFileReference; lastKnownFileType = sourcecode.swift; path = RecentTranscationsView.swift; sourceTree = "<group>"; };
		612F1E5F2D1E799500ACC31E /* TransactionAnalyticsView.swift */ = {isa = PBXFileReference; lastKnownFileType = sourcecode.swift; path = TransactionAnalyticsView.swift; sourceTree = "<group>"; };
		612F1E612D1E7DCA00ACC31E /* RecentTransactionsRowView.swift */ = {isa = PBXFileReference; lastKnownFileType = sourcecode.swift; path = RecentTransactionsRowView.swift; sourceTree = "<group>"; };
		612F1E672D1EE0DB00ACC31E /* ToastMessageView.swift */ = {isa = PBXFileReference; lastKnownFileType = sourcecode.swift; path = ToastMessageView.swift; sourceTree = "<group>"; };
		61C316B12D1E4D1600BE65AB /* Payment.app */ = {isa = PBXFileReference; explicitFileType = wrapper.application; includeInIndex = 0; path = Payment.app; sourceTree = BUILT_PRODUCTS_DIR; };
		61C316C32D1E4E9900BE65AB /* Preview Assets.xcassets */ = {isa = PBXFileReference; lastKnownFileType = folder.assetcatalog; path = "Preview Assets.xcassets"; sourceTree = "<group>"; };
		61C316C52D1E4E9900BE65AB /* Assets.xcassets */ = {isa = PBXFileReference; lastKnownFileType = folder.assetcatalog; path = Assets.xcassets; sourceTree = "<group>"; };
		61C316C62D1E4E9900BE65AB /* MainView.swift */ = {isa = PBXFileReference; lastKnownFileType = sourcecode.swift; path = MainView.swift; sourceTree = "<group>"; };
		61C316C72D1E4E9900BE65AB /* Payment.entitlements */ = {isa = PBXFileReference; lastKnownFileType = text.plist.entitlements; path = Payment.entitlements; sourceTree = "<group>"; };
		61C316C82D1E4E9900BE65AB /* PaymentApp.swift */ = {isa = PBXFileReference; lastKnownFileType = sourcecode.swift; path = PaymentApp.swift; sourceTree = "<group>"; };
		61C316D12D1E4F6700BE65AB /* Model.swift */ = {isa = PBXFileReference; lastKnownFileType = sourcecode.swift; path = Model.swift; sourceTree = "<group>"; };
		61C316D32D1E4FA800BE65AB /* ViewModel.swift */ = {isa = PBXFileReference; lastKnownFileType = sourcecode.swift; path = ViewModel.swift; sourceTree = "<group>"; };
/* End PBXFileReference section */

/* Begin PBXFrameworksBuildPhase section */
		61C316AE2D1E4D1600BE65AB /* Frameworks */ = {
			isa = PBXFrameworksBuildPhase;
			buildActionMask = 2147483647;
			files = (
			);
			runOnlyForDeploymentPostprocessing = 0;
		};
/* End PBXFrameworksBuildPhase section */

/* Begin PBXGroup section */
		612F1E562D1E538F00ACC31E /* Mock */ = {
			isa = PBXGroup;
			children = (
				612F1E592D1E53C800ACC31E /* Transactions.json */,
			);
			path = Mock;
			sourceTree = "<group>";
		};
		61C316A82D1E4D1600BE65AB = {
			isa = PBXGroup;
			children = (
				61C316C92D1E4E9900BE65AB /* Payment */,
				61C316B22D1E4D1600BE65AB /* Products */,
			);
			sourceTree = "<group>";
		};
		61C316B22D1E4D1600BE65AB /* Products */ = {
			isa = PBXGroup;
			children = (
				61C316B12D1E4D1600BE65AB /* Payment.app */,
			);
			name = Products;
			sourceTree = "<group>";
		};
		61C316C42D1E4E9900BE65AB /* Preview Content */ = {
			isa = PBXGroup;
			children = (
				61C316C32D1E4E9900BE65AB /* Preview Assets.xcassets */,
			);
			path = "Preview Content";
			sourceTree = "<group>";
		};
		61C316C92D1E4E9900BE65AB /* Payment */ = {
			isa = PBXGroup;
			children = (
				612F1E562D1E538F00ACC31E /* Mock */,
				61C316CF2D1E4F0600BE65AB /* Model */,
				61C316D02D1E4F1100BE65AB /* ViewModel */,
				61C316CE2D1E4ED300BE65AB /* View */,
				61C316C42D1E4E9900BE65AB /* Preview Content */,
				61C316C52D1E4E9900BE65AB /* Assets.xcassets */,
				61C316C72D1E4E9900BE65AB /* Payment.entitlements */,
				61C316C82D1E4E9900BE65AB /* PaymentApp.swift */,
			);
			path = Payment;
			sourceTree = "<group>";
		};
		61C316CE2D1E4ED300BE65AB /* View */ = {
			isa = PBXGroup;
			children = (
				61C316C62D1E4E9900BE65AB /* MainView.swift */,
				612F1E5B2D1E563700ACC31E /* TranscationsView.swift */,
				612F1E5F2D1E799500ACC31E /* TransactionAnalyticsView.swift */,
				612F1E5D2D1E78E700ACC31E /* RecentTranscationsView.swift */,
				612F1E612D1E7DCA00ACC31E /* RecentTransactionsRowView.swift */,
				612F1E672D1EE0DB00ACC31E /* ToastMessageView.swift */,
			);
			path = View;
			sourceTree = "<group>";
		};
		61C316CF2D1E4F0600BE65AB /* Model */ = {
			isa = PBXGroup;
			children = (
				61C316D12D1E4F6700BE65AB /* Model.swift */,
			);
			path = Model;
			sourceTree = "<group>";
		};
		61C316D02D1E4F1100BE65AB /* ViewModel */ = {
			isa = PBXGroup;
			children = (
				61C316D32D1E4FA800BE65AB /* ViewModel.swift */,
			);
			path = ViewModel;
			sourceTree = "<group>";
		};
/* End PBXGroup section */

/* Begin PBXNativeTarget section */
		61C316B02D1E4D1600BE65AB /* Payment */ = {
			isa = PBXNativeTarget;
			buildConfigurationList = 61C316C02D1E4D1900BE65AB /* Build configuration list for PBXNativeTarget "Payment" */;
			buildPhases = (
				61C316AD2D1E4D1600BE65AB /* Sources */,
				61C316AE2D1E4D1600BE65AB /* Frameworks */,
				61C316AF2D1E4D1600BE65AB /* Resources */,
			);
			buildRules = (
			);
			dependencies = (
			);
			name = Payment;
			packageProductDependencies = (
			);
			productName = Payment;
			productReference = 61C316B12D1E4D1600BE65AB /* Payment.app */;
			productType = "com.apple.product-type.application";
		};
/* End PBXNativeTarget section */

/* Begin PBXProject section */
		61C316A92D1E4D1600BE65AB /* Project object */ = {
			isa = PBXProject;
			attributes = {
				BuildIndependentTargetsInParallel = 1;
				LastSwiftUpdateCheck = 1610;
				LastUpgradeCheck = 1610;
				TargetAttributes = {
					61C316B02D1E4D1600BE65AB = {
						CreatedOnToolsVersion = 16.1;
					};
				};
			};
			buildConfigurationList = 61C316AC2D1E4D1600BE65AB /* Build configuration list for PBXProject "Payment" */;
			developmentRegion = en;
			hasScannedForEncodings = 0;
			knownRegions = (
				en,
				Base,
			);
			mainGroup = 61C316A82D1E4D1600BE65AB;
			minimizedProjectReferenceProxies = 1;
			preferredProjectObjectVersion = 77;
			productRefGroup = 61C316B22D1E4D1600BE65AB /* Products */;
			projectDirPath = "";
			projectRoot = "";
			targets = (
				61C316B02D1E4D1600BE65AB /* Payment */,
			);
		};
/* End PBXProject section */

/* Begin PBXResourcesBuildPhase section */
		61C316AF2D1E4D1600BE65AB /* Resources */ = {
			isa = PBXResourcesBuildPhase;
			buildActionMask = 2147483647;
			files = (
				61C316CC2D1E4E9900BE65AB /* Preview Assets.xcassets in Resources */,
				61C316CD2D1E4E9900BE65AB /* Assets.xcassets in Resources */,
				612F1E5A2D1E53C800ACC31E /* Transactions.json in Resources */,
			);
			runOnlyForDeploymentPostprocessing = 0;
		};
/* End PBXResourcesBuildPhase section */

/* Begin PBXSourcesBuildPhase section */
		61C316AD2D1E4D1600BE65AB /* Sources */ = {
			isa = PBXSourcesBuildPhase;
			buildActionMask = 2147483647;
			files = (
				61C316D22D1E4F6700BE65AB /* Model.swift in Sources */,
				61C316CA2D1E4E9900BE65AB /* MainView.swift in Sources */,
				612F1E5E2D1E78E700ACC31E /* RecentTranscationsView.swift in Sources */,
				612F1E602D1E799500ACC31E /* TransactionAnalyticsView.swift in Sources */,
				612F1E682D1EE0DB00ACC31E /* ToastMessageView.swift in Sources */,
				61C316D42D1E4FA800BE65AB /* ViewModel.swift in Sources */,
				612F1E5C2D1E563700ACC31E /* TranscationsView.swift in Sources */,
				61C316CB2D1E4E9900BE65AB /* PaymentApp.swift in Sources */,
				612F1E622D1E7DCA00ACC31E /* RecentTransactionsRowView.swift in Sources */,
			);
			runOnlyForDeploymentPostprocessing = 0;
		};
/* End PBXSourcesBuildPhase section */

/* Begin XCBuildConfiguration section */
		61C316BE2D1E4D1900BE65AB /* Debug */ = {
			isa = XCBuildConfiguration;
			buildSettings = {
				ALWAYS_SEARCH_USER_PATHS = NO;
				ASSETCATALOG_COMPILER_GENERATE_SWIFT_ASSET_SYMBOL_EXTENSIONS = YES;
				CLANG_ANALYZER_NONNULL = YES;
				CLANG_ANALYZER_NUMBER_OBJECT_CONVERSION = YES_AGGRESSIVE;
				CLANG_CXX_LANGUAGE_STANDARD = "gnu++20";
				CLANG_ENABLE_MODULES = YES;
				CLANG_ENABLE_OBJC_ARC = YES;
				CLANG_ENABLE_OBJC_WEAK = YES;
				CLANG_WARN_BLOCK_CAPTURE_AUTORELEASING = YES;
				CLANG_WARN_BOOL_CONVERSION = YES;
				CLANG_WARN_COMMA = YES;
				CLANG_WARN_CONSTANT_CONVERSION = YES;
				CLANG_WARN_DEPRECATED_OBJC_IMPLEMENTATIONS = YES;
				CLANG_WARN_DIRECT_OBJC_ISA_USAGE = YES_ERROR;
				CLANG_WARN_DOCUMENTATION_COMMENTS = YES;
				CLANG_WARN_EMPTY_BODY = YES;
				CLANG_WARN_ENUM_CONVERSION = YES;
				CLANG_WARN_INFINITE_RECURSION = YES;
				CLANG_WARN_INT_CONVERSION = YES;
				CLANG_WARN_NON_LITERAL_NULL_CONVERSION = YES;
				CLANG_WARN_OBJC_IMPLICIT_RETAIN_SELF = YES;
				CLANG_WARN_OBJC_LITERAL_CONVERSION = YES;
				CLANG_WARN_OBJC_ROOT_CLASS = YES_ERROR;
				CLANG_WARN_QUOTED_INCLUDE_IN_FRAMEWORK_HEADER = YES;
				CLANG_WARN_RANGE_LOOP_ANALYSIS = YES;
				CLANG_WARN_STRICT_PROTOTYPES = YES;
				CLANG_WARN_SUSPICIOUS_MOVE = YES;
				CLANG_WARN_UNGUARDED_AVAILABILITY = YES_AGGRESSIVE;
				CLANG_WARN_UNREACHABLE_CODE = YES;
				CLANG_WARN__DUPLICATE_METHOD_MATCH = YES;
				COPY_PHASE_STRIP = NO;
				DEBUG_INFORMATION_FORMAT = dwarf;
				ENABLE_STRICT_OBJC_MSGSEND = YES;
				ENABLE_TESTABILITY = YES;
				ENABLE_USER_SCRIPT_SANDBOXING = YES;
				GCC_C_LANGUAGE_STANDARD = gnu17;
				GCC_DYNAMIC_NO_PIC = NO;
				GCC_NO_COMMON_BLOCKS = YES;
				GCC_OPTIMIZATION_LEVEL = 0;
				GCC_PREPROCESSOR_DEFINITIONS = (
					"DEBUG=1",
					"$(inherited)",
				);
				GCC_WARN_64_TO_32_BIT_CONVERSION = YES;
				GCC_WARN_ABOUT_RETURN_TYPE = YES_ERROR;
				GCC_WARN_UNDECLARED_SELECTOR = YES;
				GCC_WARN_UNINITIALIZED_AUTOS = YES_AGGRESSIVE;
				GCC_WARN_UNUSED_FUNCTION = YES;
				GCC_WARN_UNUSED_VARIABLE = YES;
				LOCALIZATION_PREFERS_STRING_CATALOGS = YES;
				MTL_ENABLE_DEBUG_INFO = INCLUDE_SOURCE;
				MTL_FAST_MATH = YES;
				ONLY_ACTIVE_ARCH = YES;
				SWIFT_ACTIVE_COMPILATION_CONDITIONS = "DEBUG $(inherited)";
				SWIFT_OPTIMIZATION_LEVEL = "-Onone";
			};
			name = Debug;
		};
		61C316BF2D1E4D1900BE65AB /* Release */ = {
			isa = XCBuildConfiguration;
			buildSettings = {
				ALWAYS_SEARCH_USER_PATHS = NO;
				ASSETCATALOG_COMPILER_GENERATE_SWIFT_ASSET_SYMBOL_EXTENSIONS = YES;
				CLANG_ANALYZER_NONNULL = YES;
				CLANG_ANALYZER_NUMBER_OBJECT_CONVERSION = YES_AGGRESSIVE;
				CLANG_CXX_LANGUAGE_STANDARD = "gnu++20";
				CLANG_ENABLE_MODULES = YES;
				CLANG_ENABLE_OBJC_ARC = YES;
				CLANG_ENABLE_OBJC_WEAK = YES;
				CLANG_WARN_BLOCK_CAPTURE_AUTORELEASING = YES;
				CLANG_WARN_BOOL_CONVERSION = YES;
				CLANG_WARN_COMMA = YES;
				CLANG_WARN_CONSTANT_CONVERSION = YES;
				CLANG_WARN_DEPRECATED_OBJC_IMPLEMENTATIONS = YES;
				CLANG_WARN_DIRECT_OBJC_ISA_USAGE = YES_ERROR;
				CLANG_WARN_DOCUMENTATION_COMMENTS = YES;
				CLANG_WARN_EMPTY_BODY = YES;
				CLANG_WARN_ENUM_CONVERSION = YES;
				CLANG_WARN_INFINITE_RECURSION = YES;
				CLANG_WARN_INT_CONVERSION = YES;
				CLANG_WARN_NON_LITERAL_NULL_CONVERSION = YES;
				CLANG_WARN_OBJC_IMPLICIT_RETAIN_SELF = YES;
				CLANG_WARN_OBJC_LITERAL_CONVERSION = YES;
				CLANG_WARN_OBJC_ROOT_CLASS = YES_ERROR;
				CLANG_WARN_QUOTED_INCLUDE_IN_FRAMEWORK_HEADER = YES;
				CLANG_WARN_RANGE_LOOP_ANALYSIS = YES;
				CLANG_WARN_STRICT_PROTOTYPES = YES;
				CLANG_WARN_SUSPICIOUS_MOVE = YES;
				CLANG_WARN_UNGUARDED_AVAILABILITY = YES_AGGRESSIVE;
				CLANG_WARN_UNREACHABLE_CODE = YES;
				CLANG_WARN__DUPLICATE_METHOD_MATCH = YES;
				COPY_PHASE_STRIP = NO;
				DEBUG_INFORMATION_FORMAT = "dwarf-with-dsym";
				ENABLE_NS_ASSERTIONS = NO;
				ENABLE_STRICT_OBJC_MSGSEND = YES;
				ENABLE_USER_SCRIPT_SANDBOXING = YES;
				GCC_C_LANGUAGE_STANDARD = gnu17;
				GCC_NO_COMMON_BLOCKS = YES;
				GCC_WARN_64_TO_32_BIT_CONVERSION = YES;
				GCC_WARN_ABOUT_RETURN_TYPE = YES_ERROR;
				GCC_WARN_UNDECLARED_SELECTOR = YES;
				GCC_WARN_UNINITIALIZED_AUTOS = YES_AGGRESSIVE;
				GCC_WARN_UNUSED_FUNCTION = YES;
				GCC_WARN_UNUSED_VARIABLE = YES;
				LOCALIZATION_PREFERS_STRING_CATALOGS = YES;
				MTL_ENABLE_DEBUG_INFO = NO;
				MTL_FAST_MATH = YES;
				SWIFT_COMPILATION_MODE = wholemodule;
			};
			name = Release;
		};
		61C316C12D1E4D1900BE65AB /* Debug */ = {
			isa = XCBuildConfiguration;
			buildSettings = {
				ASSETCATALOG_COMPILER_APPICON_NAME = AppIcon;
				ASSETCATALOG_COMPILER_GLOBAL_ACCENT_COLOR_NAME = AccentColor;
				CODE_SIGN_ENTITLEMENTS = Payment/Payment.entitlements;
				CODE_SIGN_STYLE = Automatic;
				CURRENT_PROJECT_VERSION = 1;
				DEVELOPMENT_ASSET_PATHS = "\"Payment/Preview Content\"";
				DEVELOPMENT_TEAM = NKP7KHA6D7;
				ENABLE_HARDENED_RUNTIME = YES;
				ENABLE_PREVIEWS = YES;
				GENERATE_INFOPLIST_FILE = YES;
				"INFOPLIST_KEY_UIApplicationSceneManifest_Generation[sdk=iphoneos*]" = YES;
				"INFOPLIST_KEY_UIApplicationSceneManifest_Generation[sdk=iphonesimulator*]" = YES;
				"INFOPLIST_KEY_UIApplicationSupportsIndirectInputEvents[sdk=iphoneos*]" = YES;
				"INFOPLIST_KEY_UIApplicationSupportsIndirectInputEvents[sdk=iphonesimulator*]" = YES;
				"INFOPLIST_KEY_UILaunchScreen_Generation[sdk=iphoneos*]" = YES;
				"INFOPLIST_KEY_UILaunchScreen_Generation[sdk=iphonesimulator*]" = YES;
				"INFOPLIST_KEY_UIStatusBarStyle[sdk=iphoneos*]" = UIStatusBarStyleDefault;
				"INFOPLIST_KEY_UIStatusBarStyle[sdk=iphonesimulator*]" = UIStatusBarStyleDefault;
				INFOPLIST_KEY_UISupportedInterfaceOrientations_iPad = "UIInterfaceOrientationPortrait UIInterfaceOrientationPortraitUpsideDown UIInterfaceOrientationLandscapeLeft UIInterfaceOrientationLandscapeRight";
				INFOPLIST_KEY_UISupportedInterfaceOrientations_iPhone = "UIInterfaceOrientationPortrait UIInterfaceOrientationLandscapeLeft UIInterfaceOrientationLandscapeRight";
				IPHONEOS_DEPLOYMENT_TARGET = 18.1;
				LD_RUNPATH_SEARCH_PATHS = "@executable_path/Frameworks";
				"LD_RUNPATH_SEARCH_PATHS[sdk=macosx*]" = "@executable_path/../Frameworks";
				MACOSX_DEPLOYMENT_TARGET = 15.1;
				MARKETING_VERSION = 1.0;
				PRODUCT_BUNDLE_IDENTIFIER = shchoi.Payment;
				PRODUCT_NAME = "$(TARGET_NAME)";
				SDKROOT = auto;
				SUPPORTED_PLATFORMS = "iphoneos iphonesimulator macosx xros xrsimulator";
				SWIFT_EMIT_LOC_STRINGS = YES;
				SWIFT_VERSION = 5.0;
				TARGETED_DEVICE_FAMILY = "1,2,7";
				XROS_DEPLOYMENT_TARGET = 2.1;
			};
			name = Debug;
		};
		61C316C22D1E4D1900BE65AB /* Release */ = {
			isa = XCBuildConfiguration;
			buildSettings = {
				ASSETCATALOG_COMPILER_APPICON_NAME = AppIcon;
				ASSETCATALOG_COMPILER_GLOBAL_ACCENT_COLOR_NAME = AccentColor;
				CODE_SIGN_ENTITLEMENTS = Payment/Payment.entitlements;
				CODE_SIGN_STYLE = Automatic;
				CURRENT_PROJECT_VERSION = 1;
				DEVELOPMENT_ASSET_PATHS = "\"Payment/Preview Content\"";
				DEVELOPMENT_TEAM = NKP7KHA6D7;
				ENABLE_HARDENED_RUNTIME = YES;
				ENABLE_PREVIEWS = YES;
				GENERATE_INFOPLIST_FILE = YES;
				"INFOPLIST_KEY_UIApplicationSceneManifest_Generation[sdk=iphoneos*]" = YES;
				"INFOPLIST_KEY_UIApplicationSceneManifest_Generation[sdk=iphonesimulator*]" = YES;
				"INFOPLIST_KEY_UIApplicationSupportsIndirectInputEvents[sdk=iphoneos*]" = YES;
				"INFOPLIST_KEY_UIApplicationSupportsIndirectInputEvents[sdk=iphonesimulator*]" = YES;
				"INFOPLIST_KEY_UILaunchScreen_Generation[sdk=iphoneos*]" = YES;
				"INFOPLIST_KEY_UILaunchScreen_Generation[sdk=iphonesimulator*]" = YES;
				"INFOPLIST_KEY_UIStatusBarStyle[sdk=iphoneos*]" = UIStatusBarStyleDefault;
				"INFOPLIST_KEY_UIStatusBarStyle[sdk=iphonesimulator*]" = UIStatusBarStyleDefault;
				INFOPLIST_KEY_UISupportedInterfaceOrientations_iPad = "UIInterfaceOrientationPortrait UIInterfaceOrientationPortraitUpsideDown UIInterfaceOrientationLandscapeLeft UIInterfaceOrientationLandscapeRight";
				INFOPLIST_KEY_UISupportedInterfaceOrientations_iPhone = "UIInterfaceOrientationPortrait UIInterfaceOrientationLandscapeLeft UIInterfaceOrientationLandscapeRight";
				IPHONEOS_DEPLOYMENT_TARGET = 18.1;
				LD_RUNPATH_SEARCH_PATHS = "@executable_path/Frameworks";
				"LD_RUNPATH_SEARCH_PATHS[sdk=macosx*]" = "@executable_path/../Frameworks";
				MACOSX_DEPLOYMENT_TARGET = 15.1;
				MARKETING_VERSION = 1.0;
				PRODUCT_BUNDLE_IDENTIFIER = shchoi.Payment;
				PRODUCT_NAME = "$(TARGET_NAME)";
				SDKROOT = auto;
				SUPPORTED_PLATFORMS = "iphoneos iphonesimulator macosx xros xrsimulator";
				SWIFT_EMIT_LOC_STRINGS = YES;
				SWIFT_VERSION = 5.0;
				TARGETED_DEVICE_FAMILY = "1,2,7";
				XROS_DEPLOYMENT_TARGET = 2.1;
			};
			name = Release;
		};
/* End XCBuildConfiguration section */

/* Begin XCConfigurationList section */
		61C316AC2D1E4D1600BE65AB /* Build configuration list for PBXProject "Payment" */ = {
			isa = XCConfigurationList;
			buildConfigurations = (
				61C316BE2D1E4D1900BE65AB /* Debug */,
				61C316BF2D1E4D1900BE65AB /* Release */,
			);
			defaultConfigurationIsVisible = 0;
			defaultConfigurationName = Release;
		};
		61C316C02D1E4D1900BE65AB /* Build configuration list for PBXNativeTarget "Payment" */ = {
			isa = XCConfigurationList;
			buildConfigurations = (
				61C316C12D1E4D1900BE65AB /* Debug */,
				61C316C22D1E4D1900BE65AB /* Release */,
			);
			defaultConfigurationIsVisible = 0;
			defaultConfigurationName = Release;
		};
/* End XCConfigurationList section */
	};
	rootObject = 61C316A92D1E4D1600BE65AB /* Project object */;
}
